# This file is autogenerated, do not edit; changes may be undone by the next 'dep ensure'.


[[projects]]
  name = "github.com/davecgh/go-spew"
  packages = ["spew"]
  revision = "346938d642f2ec3594ed81d874461961cd0faa76"
  version = "v1.1.0"

[[projects]]
  branch = "master"
  name = "github.com/jmoiron/sqlx"
  packages = [".","reflectx"]
  revision = "de8647470aafe4854c976707c431dbe1eb2822c6"

[[projects]]
  name = "github.com/kelseyhightower/envconfig"
  packages = ["."]
  revision = "f611eb38b3875cc3bd991ca91c51d06446afa14c"
  version = "v1.3.0"

[[projects]]
  name = "github.com/nlopes/slack"
  packages = ["."]
  revision = "c86337c0ef2486a15edd804355d9c73d2f2caed1"
  version = "v0.1.0"

[[projects]]
  name = "github.com/pmezard/go-difflib"
  packages = ["difflib"]
  revision = "792786c7400a136282c1664665ae0a8db921c6c2"
  version = "v1.0.0"

[[projects]]
  name = "github.com/stretchr/testify"
  packages = ["assert"]
  revision = "69483b4bd14f5845b5a1e55bca19e954e827f1d0"
  version = "v1.1.4"

[[projects]]
  branch = "master"
  name = "golang.org/x/net"
  packages = ["websocket"]
  revision = "c7086645de248775cbf2373cf5ca4d2fa664b8c1"

[solve-meta]
  analyzer-name = "dep"
  analyzer-version = 1
  inputs-digest = "fb50841ea547c781ea3a39b5d4be87a5748fd0e1db74c08bdfe95798b147e66a"
  solver-name = "gps-cdcl"
  solver-version = 1
