# This file is autogenerated, do not edit; changes may be undone by the next 'dep ensure'.


[[projects]]
  digest = "1:ee907e9ead8d8b090f1e2c07967ff1ec7ed20687c2ffd270d1c6c1b71dff5496"
  name = "github.com/AlekSi/pointer"
  packages = ["."]
  pruneopts = "UT"
  revision = "08a25bac605b3fcb6cc27f3917b2c2c87451963d"
  version = "v1.0.0"

[[projects]]
  digest = "1:9f3b30d9f8e0d7040f729b82dcbc8f0dead820a133b3147ce355fc451f32d761"
  name = "github.com/BurntSushi/toml"
  packages = ["."]
  pruneopts = "UT"
  revision = "3012a1dbe2e4bd1391d42b32f0577cb7bbc7f005"
  version = "v0.3.1"

[[projects]]
  branch = "master"
  digest = "1:fdfcd99fd77a0d3e3228d4d0b5061d9a611d40cd369ea44e333401b06936fdc4"
  name = "github.com/araddon/dateparse"
  packages = ["."]
  pruneopts = "UT"
  revision = "0fb0a474d195a3449cf412ae0176faa193f0ef0b"

[[projects]]
  digest = "1:29fb1d9358f24856ab2a3747e2f3d97be41897b22b46bf20fbb984ba7be439af"
  name = "github.com/cenkalti/backoff"
  packages = ["."]
  pruneopts = "UT"
  revision = "2146c93394225c3732078705043ce9f26584d334"
  version = "v2.2.0"

[[projects]]
  digest = "1:ffe9824d294da03b391f44e1ae8281281b4afc1bdaa9588c9097785e3af10cec"
  name = "github.com/davecgh/go-spew"
  packages = ["spew"]
  pruneopts = "UT"
  revision = "8991bc29aa16c548c550c7ff78260e27b9ab7c73"
  version = "v1.1.1"

[[projects]]
  digest = "1:76dc72490af7174349349838f2fe118996381b31ea83243812a97e5a0fd5ed55"
  name = "github.com/dgrijalva/jwt-go"
  packages = ["."]
  pruneopts = "UT"
  revision = "06ea1031745cb8b3dab3f6a236daf2b0aa468b7e"
  version = "v3.2.0"

[[projects]]
  digest = "1:ec6f9bf5e274c833c911923c9193867f3f18788c461f76f05f62bb1510e0ae65"
  name = "github.com/go-sql-driver/mysql"
  packages = ["."]
  pruneopts = "UT"
  revision = "72cd26f257d44c1114970e19afddcd812016007e"
  version = "v1.4.1"

[[projects]]
  digest = "1:7b5c6e2eeaa9ae5907c391a91c132abfd5c9e8a784a341b5625e750c67e6825d"
  name = "github.com/gorilla/websocket"
  packages = ["."]
  pruneopts = "UT"
  revision = "66b9c49e59c6c48f0ffce28c2d8b8a5678502c6d"
  version = "v1.4.0"

[[projects]]
  branch = "master"
  digest = "1:b4410479bb93439096b45bb1d131988114a1c8f7d06164eaddd6787f627d39c3"
  name = "github.com/jmoiron/sqlx"
  packages = [
    ".",
    "reflectx",
  ]
  pruneopts = "UT"
  revision = "38398a30ed8516ffda617a04c822de09df8a3ec5"

[[projects]]
  digest = "1:fd9bea48bbc5bba66d9891c72af7255fbebecdff845c37c679406174ece5ca1b"
  name = "github.com/kelseyhightower/envconfig"
  packages = ["."]
  pruneopts = "UT"
  revision = "0b417c4ec4a8a82eecc22a1459a504aa55163d61"
  version = "v1.4.0"

[[projects]]
  digest = "1:31e761d97c76151dde79e9d28964a812c46efc5baee4085b86f68f0c654450de"
  name = "github.com/konsorten/go-windows-terminal-sequences"
  packages = ["."]
  pruneopts = "UT"
  revision = "f55edac94c9bbba5d6182a4be46d86a2c9b5b50e"
  version = "v1.0.2"

[[projects]]
  digest = "1:efd601ad1d1189884f37ed075fadb5bbd17f1f5acf5862827247c6da56d125ba"
  name = "github.com/labstack/echo"
  packages = [
    ".",
    "middleware",
  ]
  pruneopts = "UT"
  revision = "38772c686c76b501f94bd6cd5b77f5842e93b559"
  version = "v3.3.10"

[[projects]]
  digest = "1:6e15357cae900fa1a8015c7fc9efdb406f72b644549a3422f3f1b7f465836a84"
  name = "github.com/labstack/gommon"
  packages = [
    "bytes",
    "color",
    "log",
    "random",
  ]
  pruneopts = "UT"
  revision = "ab0bfd9a5eba33a8c364bf3390d809ed23c31f97"
  version = "v0.2.9"

[[projects]]
  digest = "1:7c084e0e780596dd2a7e20d25803909a9a43689c153de953520dfbc0b0e51166"
  name = "github.com/mattn/go-colorable"
  packages = ["."]
  pruneopts = "UT"
  revision = "8029fb3788e5a4a9c00e415f586a6d033f5d38b3"
  version = "v0.1.2"

[[projects]]
  digest = "1:9b90c7639a41697f3d4ad12d7d67dfacc9a7a4a6e0bbfae4fc72d0da57c28871"
  name = "github.com/mattn/go-isatty"
  packages = ["."]
  pruneopts = "UT"
  revision = "1311e847b0cb909da63b5fecfb5370aa66236465"
  version = "v0.0.8"

[[projects]]
  digest = "1:9ec326968a90b62ddaf7696f3c0381102be1c9a2330e7460d4e61785542c1947"
  name = "github.com/nicksnyder/go-i18n"
  packages = [
    "v2/i18n",
    "v2/internal",
    "v2/internal/plural",
  ]
  pruneopts = "UT"
  revision = "0c6ce6ac1e8c119993c3d5638af4f7cd67ff068a"
  version = "v2.0.2"

[[projects]]
  digest = "1:b52d79334c56547a9658cb74ba37732be769d7c9f0f60da6390efe08861211c1"
  name = "github.com/nlopes/slack"
  packages = [
    ".",
    "slackevents",
  ]
  pruneopts = "UT"
  revision = "0db1d5eae1116bf7c8ed96c6749acfbf4daaec3e"
  version = "v0.3.0"

[[projects]]
  branch = "master"
  digest = "1:0870734581fede93c3c37bc8ce0437ad9d5aa1491713e9848b08ba9003e5ff7c"
  name = "github.com/olebedev/when"
  packages = [
    ".",
    "rules",
    "rules/br",
    "rules/common",
    "rules/en",
    "rules/ru",
  ]
  pruneopts = "UT"
  revision = "c3b538a972545a9584eadaea351b97264f29e8a8"

[[projects]]
  digest = "1:cf31692c14422fa27c83a05292eb5cbe0fb2775972e8f1f8446a71549bd8980b"
  name = "github.com/pkg/errors"
  packages = ["."]
  pruneopts = "UT"
  revision = "ba968bfe8b2f7e042a574c888954fccecfa385b4"
  version = "v0.8.1"

[[projects]]
  digest = "1:0028cb19b2e4c3112225cd871870f2d9cf49b9b4276531f03438a88e94be86fe"
  name = "github.com/pmezard/go-difflib"
  packages = ["difflib"]
  pruneopts = "UT"
  revision = "792786c7400a136282c1664665ae0a8db921c6c2"
  version = "v1.0.0"

[[projects]]
  digest = "1:04457f9f6f3ffc5fea48e71d62f2ca256637dee0a04d710288e27e05c8b41976"
  name = "github.com/sirupsen/logrus"
  packages = ["."]
  pruneopts = "UT"
  revision = "839c75faf7f98a33d445d181f3018b5c3409a45e"
  version = "v1.4.2"

[[projects]]
  digest = "1:972c2427413d41a1e06ca4897e8528e5a1622894050e2f527b38ddf0f343f759"
  name = "github.com/stretchr/testify"
  packages = ["assert"]
  pruneopts = "UT"
  revision = "ffdc059bfe9ce6a4e144ba849dbedead332c6053"
  version = "v1.3.0"

[[projects]]
  digest = "1:c468422f334a6b46a19448ad59aaffdfc0a36b08fdcc1c749a0b29b6453d7e59"
  name = "github.com/valyala/bytebufferpool"
  packages = ["."]
  pruneopts = "UT"
  revision = "e746df99fe4a3986f4d4f79e13c1e0117ce9c2f7"
  version = "v1.0.0"

[[projects]]
  digest = "1:4d29fdc69817829d8c78473d61613d984ce59675110cee7a2f0314f332cc70a2"
  name = "github.com/valyala/fasttemplate"
  packages = ["."]
  pruneopts = "UT"
  revision = "8b5e4e491ab636663841c42ea3c5a9adebabaf36"
  version = "v1.0.1"

[[projects]]
  branch = "master"
  digest = "1:cb823a5f7777276059b25eaadda6a12892f3beb6d0deee01df0d8f8692ffcc82"
  name = "golang.org/x/crypto"
  packages = [
    "acme",
    "acme/autocert",
  ]
  pruneopts = "UT"
  revision = "4def268fd1a49955bfb3dda92fe3db4f924f2285"

[[projects]]
  branch = "master"
  digest = "1:15a159ca3e34c429f800dd822cbb37707e98552c9523b8d07fdd244dba62f04b"
  name = "golang.org/x/net"
  packages = ["idna"]
  pruneopts = "UT"
  revision = "da137c7871d730100384dbcf36e6f8fa493aef5b"

[[projects]]
  branch = "master"
  digest = "1:730ba27cd66db3b98ec8f51a6f20d45ec277d490cca36b1f54e31d3fcaf4840e"
  name = "golang.org/x/sys"
  packages = ["unix"]
  pruneopts = "UT"
  revision = "04f50cda93cbb67f2afa353c52f342100e80e625"

[[projects]]
  digest = "1:8d8faad6b12a3a4c819a3f9618cb6ee1fa1cfc33253abeeea8b55336721e3405"
  name = "golang.org/x/text"
  packages = [
    "collate",
    "collate/build",
    "internal/colltab",
    "internal/gen",
    "internal/language",
    "internal/language/compact",
    "internal/tag",
    "internal/triegen",
    "internal/ucd",
    "language",
    "secure/bidirule",
    "transform",
    "unicode/bidi",
    "unicode/cldr",
    "unicode/norm",
    "unicode/rangetable",
  ]
  pruneopts = "UT"
  revision = "342b2e1fbaa52c93f31447ad2c6abc048c63e475"
  version = "v0.3.2"

[[projects]]
  digest = "1:c25289f43ac4a68d88b02245742347c94f1e108c534dda442188015ff80669b3"
  name = "google.golang.org/appengine"
  packages = ["cloudsql"]
  pruneopts = "UT"
  revision = "b2f4a3cf3c67576a2ee09e1fe62656a5086ce880"
  version = "v1.6.1"

[[projects]]
  digest = "1:4d2e5a73dc1500038e504a8d78b986630e3626dc027bc030ba5c75da257cdb96"
  name = "gopkg.in/yaml.v2"
  packages = ["."]
  pruneopts = "UT"
  revision = "51d6538a90f86fe93ac480b35f37b2be17fef232"
  version = "v2.2.2"

[solve-meta]
  analyzer-name = "dep"
  analyzer-version = 1
  input-imports = [
    "github.com/BurntSushi/toml",
    "github.com/araddon/dateparse",
    "github.com/cenkalti/backoff",
    "github.com/go-sql-driver/mysql",
    "github.com/jmoiron/sqlx",
    "github.com/kelseyhightower/envconfig",
    "github.com/labstack/echo",
    "github.com/labstack/echo/middleware",
    "github.com/nicksnyder/go-i18n/v2/i18n",
    "github.com/nlopes/slack",
    "github.com/nlopes/slack/slackevents",
    "github.com/olebedev/when",
    "github.com/olebedev/when/rules/en",
    "github.com/olebedev/when/rules/ru",
    "github.com/sirupsen/logrus",
    "github.com/stretchr/testify/assert",
    "golang.org/x/text/language",
    "gopkg.in/yaml.v2",
  ]
  solver-name = "gps-cdcl"
  solver-version = 1
